PODS:
  - Kingfisher (5.13.3):
    - Kingfisher/Core (= 5.13.3)
  - Kingfisher/Core (5.13.3)

DEPENDENCIES:
  - Kingfisher

SPEC REPOS:
  trunk:
    - Kingfisher

SPEC CHECKSUMS:
  Kingfisher: d2b3d6a7200c93b34de9afcdf25c8dd9282ec277

PODFILE CHECKSUM: 73510c9b09f48fecb61ef5f997b2ffff9cce131a

COCOAPODS: 1.8.4
