// !$*UTF8*$!
{
	archiveVersion = 1;
	classes = {
	};
	objectVersion = 48;
	objects = {

/* Begin PBXBuildFile section */
		079DD05724C0054400AEDF47 /* getImage.js in Resources */ = {isa = PBXBuildFile; fileRef = 079DD05624C0054400AEDF47 /* getImage.js */; };
		0A5A3F4F76B7D26369ADAAAB /* Pods_ImageGotcha.framework in Frameworks */ = {isa = PBXBuildFile; fileRef = C138288A9EB64AB75C3FE3A2 /* Pods_ImageGotcha.framework */; };
		472EC899C94574A12AE44836 /* Pods_ImageGotchaAction.framework in Frameworks */ = {isa = PBXBuildFile; fileRef = F183BCA8DA86D0D9D931AC38 /* Pods_ImageGotchaAction.framework */; };
		C0014E5D20A02CB900D68445 /* SavePhotoToDirectoryManager.swift in Sources */ = {isa = PBXBuildFile; fileRef = C0014E5C20A02CB900D68445 /* SavePhotoToDirectoryManager.swift */; };
		C0014E6020A1A86B00D68445 /* AlbumCollectionViewCell.swift in Sources */ = {isa = PBXBuildFile; fileRef = C0014E5E20A1A86B00D68445 /* AlbumCollectionViewCell.swift */; };
		C0014E6120A1A86B00D68445 /* AlbumCollectionViewCell.xib in Resources */ = {isa = PBXBuildFile; fileRef = C0014E5F20A1A86B00D68445 /* AlbumCollectionViewCell.xib */; };
		C0082168209D4E8400797058 /* AlbumCollectionViewLayout.swift in Sources */ = {isa = PBXBuildFile; fileRef = C0082167209D4E8400797058 /* AlbumCollectionViewLayout.swift */; };
		C021B00E20A5896600A1F7CA /* OpenSourceViewController.swift in Sources */ = {isa = PBXBuildFile; fileRef = C021B00D20A5896600A1F7CA /* OpenSourceViewController.swift */; };
		C021B01520A5969700A1F7CA /* Localizable.strings in Resources */ = {isa = PBXBuildFile; fileRef = C021B01720A5969700A1F7CA /* Localizable.strings */; };
		C021B01E20A69C6F00A1F7CA /* StringAsset.swift in Sources */ = {isa = PBXBuildFile; fileRef = C021B01C20A69C6F00A1F7CA /* StringAsset.swift */; };
		C021B01F20A69C6F00A1F7CA /* ImageAsset.swift in Sources */ = {isa = PBXBuildFile; fileRef = C021B01D20A69C6F00A1F7CA /* ImageAsset.swift */; };
		C021B02220A6A33300A1F7CA /* StringAsset.swift in Sources */ = {isa = PBXBuildFile; fileRef = C021B01C20A69C6F00A1F7CA /* StringAsset.swift */; };
		C021B02320A6A33700A1F7CA /* Localizable.strings in Resources */ = {isa = PBXBuildFile; fileRef = C021B01720A5969700A1F7CA /* Localizable.strings */; };
		C021B02620A6D1D400A1F7CA /* TutorialViewController.swift in Sources */ = {isa = PBXBuildFile; fileRef = C021B02420A6D1D400A1F7CA /* TutorialViewController.swift */; };
		C021B02720A6D1D400A1F7CA /* TutorialViewController.xib in Resources */ = {isa = PBXBuildFile; fileRef = C021B02520A6D1D400A1F7CA /* TutorialViewController.xib */; };
		C03A6AF4210F08D4000132F5 /* CellModel.swift in Sources */ = {isa = PBXBuildFile; fileRef = C03A6AF3210F08D4000132F5 /* CellModel.swift */; };
		C03A6AF6210F0930000132F5 /* VideoCollectionViewCell.swift in Sources */ = {isa = PBXBuildFile; fileRef = C03A6AF5210F0930000132F5 /* VideoCollectionViewCell.swift */; };
		C06D90752098768C00F9F9C6 /* Constant.swift in Sources */ = {isa = PBXBuildFile; fileRef = C06D90742098768C00F9F9C6 /* Constant.swift */; };
		C06D908220987B5000F9F9C6 /* AboutViewController.swift in Sources */ = {isa = PBXBuildFile; fileRef = C06D908020987B5000F9F9C6 /* AboutViewController.swift */; };
		C06D908320987B5000F9F9C6 /* AboutViewController.xib in Resources */ = {isa = PBXBuildFile; fileRef = C06D908120987B5000F9F9C6 /* AboutViewController.xib */; };
		C0711487236EDE8800ED54BC /* SwipeSelectingCollectionView.swift in Sources */ = {isa = PBXBuildFile; fileRef = C0711485236EDE8800ED54BC /* SwipeSelectingCollectionView.swift */; };
		C0711488236EDE8800ED54BC /* SwipeSelectingGestureRecognizer.swift in Sources */ = {isa = PBXBuildFile; fileRef = C0711486236EDE8800ED54BC /* SwipeSelectingGestureRecognizer.swift */; };
		C0711489236EE8D800ED54BC /* SwipeSelectingCollectionView.swift in Sources */ = {isa = PBXBuildFile; fileRef = C0711485236EDE8800ED54BC /* SwipeSelectingCollectionView.swift */; };
		C071148A236EE8DA00ED54BC /* SwipeSelectingGestureRecognizer.swift in Sources */ = {isa = PBXBuildFile; fileRef = C0711486236EDE8800ED54BC /* SwipeSelectingGestureRecognizer.swift */; };
		C09D7C5A233E6D84002219B2 /* String+MD5.swift in Sources */ = {isa = PBXBuildFile; fileRef = C09D7C59233E6D84002219B2 /* String+MD5.swift */; };
		C09D7C5C233E710C002219B2 /* Color.xcassets in Resources */ = {isa = PBXBuildFile; fileRef = C09D7C5B233E710C002219B2 /* Color.xcassets */; };
		C0B0DFF620A2D5EB000705E9 /* AlbumViewBottomToolBar.swift in Sources */ = {isa = PBXBuildFile; fileRef = C0B0DFF520A2D5EB000705E9 /* AlbumViewBottomToolBar.swift */; };
		C0BC75132068A2F7000522DF /* Media.xcassets in Resources */ = {isa = PBXBuildFile; fileRef = C0BC75122068A2F7000522DF /* Media.xcassets */; };
		C0D828422060ED7300009F62 /* MainInterface.storyboard in Resources */ = {isa = PBXBuildFile; fileRef = C0D828402060ED7300009F62 /* MainInterface.storyboard */; };
		C0D828462060ED7300009F62 /* ImageGotchaAction.appex in Embed App Extensions */ = {isa = PBXBuildFile; fileRef = C0D8283C2060ED7300009F62 /* ImageGotchaAction.appex */; settings = {ATTRIBUTES = (RemoveHeadersOnCopy, ); }; };
		C0D8284C2060EDCE00009F62 /* ActionViewController.swift in Sources */ = {isa = PBXBuildFile; fileRef = C0D8284B2060EDCE00009F62 /* ActionViewController.swift */; };
		C0D828802060EE5100009F62 /* ImageCollectionViewCell.swift in Sources */ = {isa = PBXBuildFile; fileRef = C0D8287F2060EE5100009F62 /* ImageCollectionViewCell.swift */; };
		C0E40E1B208C8F020077F3AA /* AppDelegate.swift in Sources */ = {isa = PBXBuildFile; fileRef = C0E40E0E208C8F020077F3AA /* AppDelegate.swift */; };
		C0E40E1C208C8F020077F3AA /* Assets.xcassets in Resources */ = {isa = PBXBuildFile; fileRef = C0E40E10208C8F020077F3AA /* Assets.xcassets */; };
		C0E40E22208C8F020077F3AA /* LaunchScreen.storyboard in Resources */ = {isa = PBXBuildFile; fileRef = C0E40E18208C8F020077F3AA /* LaunchScreen.storyboard */; };
		C0E40E2E208C8F700077F3AA /* UIColor+Extension.swift in Sources */ = {isa = PBXBuildFile; fileRef = C0E40E25208C8F700077F3AA /* UIColor+Extension.swift */; };
		C0E40E2F208C8F700077F3AA /* HomeViewController.swift in Sources */ = {isa = PBXBuildFile; fileRef = C0E40E29208C8F700077F3AA /* HomeViewController.swift */; };
		C0E40E30208C8F700077F3AA /* BaseNavigationViewController.swift in Sources */ = {isa = PBXBuildFile; fileRef = C0E40E2A208C8F700077F3AA /* BaseNavigationViewController.swift */; };
		C0E40E31208C8F700077F3AA /* TableViewCell.swift in Sources */ = {isa = PBXBuildFile; fileRef = C0E40E2B208C8F700077F3AA /* TableViewCell.swift */; };
		C0E40E36208C94840077F3AA /* AlbumViewController.swift in Sources */ = {isa = PBXBuildFile; fileRef = C0E40E35208C94840077F3AA /* AlbumViewController.swift */; };
		C0F3948F23E291B200CE6DD2 /* AppState.swift in Sources */ = {isa = PBXBuildFile; fileRef = C0F3948E23E291B200CE6DD2 /* AppState.swift */; };
		C0F8F17220808B23002920AC /* BasicCollectionViewFlowLayout.swift in Sources */ = {isa = PBXBuildFile; fileRef = C0F8F17120808B23002920AC /* BasicCollectionViewFlowLayout.swift */; };
/* End PBXBuildFile section */

/* Begin PBXContainerItemProxy section */
		C0D828442060ED7300009F62 /* PBXContainerItemProxy */ = {
			isa = PBXContainerItemProxy;
			containerPortal = C08D8C01204F92CE009A1F0D /* Project object */;
			proxyType = 1;
			remoteGlobalIDString = C0D8283B2060ED7300009F62;
			remoteInfo = ImageGotchaAction;
		};
/* End PBXContainerItemProxy section */

/* Begin PBXCopyFilesBuildPhase section */
		C0C585D020C13D510096614C /* Embed Frameworks */ = {
			isa = PBXCopyFilesBuildPhase;
			buildActionMask = 2147483647;
			dstPath = "";
			dstSubfolderSpec = 10;
			files = (
			);
			name = "Embed Frameworks";
			runOnlyForDeploymentPostprocessing = 0;
		};
		C0F6D07A2060D7DC005F2413 /* Embed App Extensions */ = {
			isa = PBXCopyFilesBuildPhase;
			buildActionMask = 12;
			dstPath = "";
			dstSubfolderSpec = 13;
			files = (
				C0D828462060ED7300009F62 /* ImageGotchaAction.appex in Embed App Extensions */,
			);
			name = "Embed App Extensions";
			runOnlyForDeploymentPostprocessing = 0;
		};
/* End PBXCopyFilesBuildPhase section */

/* Begin PBXFileReference section */
		079DD05624C0054400AEDF47 /* getImage.js */ = {isa = PBXFileReference; fileEncoding = 4; lastKnownFileType = sourcecode.javascript; path = getImage.js; sourceTree = "<group>"; };
		6EEC2EEE6FD3E0B6B752DC74 /* Pods-ImageGotcha.release.xcconfig */ = {isa = PBXFileReference; includeInIndex = 1; lastKnownFileType = text.xcconfig; name = "Pods-ImageGotcha.release.xcconfig"; path = "Pods/Target Support Files/Pods-ImageGotcha/Pods-ImageGotcha.release.xcconfig"; sourceTree = "<group>"; };
		C0014E5C20A02CB900D68445 /* SavePhotoToDirectoryManager.swift */ = {isa = PBXFileReference; lastKnownFileType = sourcecode.swift; path = SavePhotoToDirectoryManager.swift; sourceTree = "<group>"; };
		C0014E5E20A1A86B00D68445 /* AlbumCollectionViewCell.swift */ = {isa = PBXFileReference; lastKnownFileType = sourcecode.swift; path = AlbumCollectionViewCell.swift; sourceTree = "<group>"; };
		C0014E5F20A1A86B00D68445 /* AlbumCollectionViewCell.xib */ = {isa = PBXFileReference; lastKnownFileType = file.xib; path = AlbumCollectionViewCell.xib; sourceTree = "<group>"; };
		C0082167209D4E8400797058 /* AlbumCollectionViewLayout.swift */ = {isa = PBXFileReference; lastKnownFileType = sourcecode.swift; path = AlbumCollectionViewLayout.swift; sourceTree = "<group>"; };
		C021B00D20A5896600A1F7CA /* OpenSourceViewController.swift */ = {isa = PBXFileReference; lastKnownFileType = sourcecode.swift; path = OpenSourceViewController.swift; sourceTree = "<group>"; };
		C021B01020A595FD00A1F7CA /* zh-Hans */ = {isa = PBXFileReference; lastKnownFileType = text.plist.strings; name = "zh-Hans"; path = "zh-Hans.lproj/MainInterface.strings"; sourceTree = "<group>"; };
		C021B01220A5961200A1F7CA /* zh-Hant */ = {isa = PBXFileReference; lastKnownFileType = text.plist.strings; name = "zh-Hant"; path = "zh-Hant.lproj/MainInterface.strings"; sourceTree = "<group>"; };
		C021B01620A5969700A1F7CA /* zh-Hans */ = {isa = PBXFileReference; lastKnownFileType = text.plist.strings; name = "zh-Hans"; path = "zh-Hans.lproj/Localizable.strings"; sourceTree = "<group>"; };
		C021B01820A596A300A1F7CA /* zh-Hant */ = {isa = PBXFileReference; lastKnownFileType = text.plist.strings; name = "zh-Hant"; path = "zh-Hant.lproj/Localizable.strings"; sourceTree = "<group>"; };
		C021B01920A596A500A1F7CA /* en */ = {isa = PBXFileReference; lastKnownFileType = text.plist.strings; name = en; path = en.lproj/Localizable.strings; sourceTree = "<group>"; };
		C021B01C20A69C6F00A1F7CA /* StringAsset.swift */ = {isa = PBXFileReference; fileEncoding = 4; lastKnownFileType = sourcecode.swift; path = StringAsset.swift; sourceTree = "<group>"; };
		C021B01D20A69C6F00A1F7CA /* ImageAsset.swift */ = {isa = PBXFileReference; fileEncoding = 4; lastKnownFileType = sourcecode.swift; path = ImageAsset.swift; sourceTree = "<group>"; };
		C021B02120A6A1E400A1F7CA /* en */ = {isa = PBXFileReference; lastKnownFileType = text.plist.strings; name = en; path = en.lproj/MainInterface.strings; sourceTree = "<group>"; };
		C021B02420A6D1D400A1F7CA /* TutorialViewController.swift */ = {isa = PBXFileReference; lastKnownFileType = sourcecode.swift; path = TutorialViewController.swift; sourceTree = "<group>"; };
		C021B02520A6D1D400A1F7CA /* TutorialViewController.xib */ = {isa = PBXFileReference; lastKnownFileType = file.xib; path = TutorialViewController.xib; sourceTree = "<group>"; };
		C021B02920A6FF7A00A1F7CA /* ja */ = {isa = PBXFileReference; lastKnownFileType = text.plist.strings; name = ja; path = ja.lproj/MainInterface.strings; sourceTree = "<group>"; };
		C021B02A20A6FF7A00A1F7CA /* ja */ = {isa = PBXFileReference; lastKnownFileType = text.plist.strings; name = ja; path = ja.lproj/Localizable.strings; sourceTree = "<group>"; };
		C021B02B20A7049B00A1F7CA /* ko */ = {isa = PBXFileReference; lastKnownFileType = text.plist.strings; name = ko; path = ko.lproj/MainInterface.strings; sourceTree = "<group>"; };
		C021B02C20A7049B00A1F7CA /* ko */ = {isa = PBXFileReference; lastKnownFileType = text.plist.strings; name = ko; path = ko.lproj/Localizable.strings; sourceTree = "<group>"; };
		C03A6AF3210F08D4000132F5 /* CellModel.swift */ = {isa = PBXFileReference; lastKnownFileType = sourcecode.swift; path = CellModel.swift; sourceTree = "<group>"; };
		C03A6AF5210F0930000132F5 /* VideoCollectionViewCell.swift */ = {isa = PBXFileReference; lastKnownFileType = sourcecode.swift; path = VideoCollectionViewCell.swift; sourceTree = "<group>"; };
		C03F4329204FD71E0050C643 /* ImageGotcha.entitlements */ = {isa = PBXFileReference; lastKnownFileType = text.plist.entitlements; path = ImageGotcha.entitlements; sourceTree = "<group>"; };
		C06D90742098768C00F9F9C6 /* Constant.swift */ = {isa = PBXFileReference; lastKnownFileType = sourcecode.swift; path = Constant.swift; sourceTree = "<group>"; };
		C06D908020987B5000F9F9C6 /* AboutViewController.swift */ = {isa = PBXFileReference; lastKnownFileType = sourcecode.swift; path = AboutViewController.swift; sourceTree = "<group>"; };
		C06D908120987B5000F9F9C6 /* AboutViewController.xib */ = {isa = PBXFileReference; lastKnownFileType = file.xib; path = AboutViewController.xib; sourceTree = "<group>"; };
		C0711485236EDE8800ED54BC /* SwipeSelectingCollectionView.swift */ = {isa = PBXFileReference; fileEncoding = 4; lastKnownFileType = sourcecode.swift; path = SwipeSelectingCollectionView.swift; sourceTree = "<group>"; };
		C0711486236EDE8800ED54BC /* SwipeSelectingGestureRecognizer.swift */ = {isa = PBXFileReference; fileEncoding = 4; lastKnownFileType = sourcecode.swift; path = SwipeSelectingGestureRecognizer.swift; sourceTree = "<group>"; };
		C07925D420FE517800AD8B31 /* AVKit.framework */ = {isa = PBXFileReference; lastKnownFileType = wrapper.framework; name = AVKit.framework; path = System/Library/Frameworks/AVKit.framework; sourceTree = SDKROOT; };
		C08D8C09204F92CE009A1F0D /* ImageGotcha.app */ = {isa = PBXFileReference; explicitFileType = wrapper.application; includeInIndex = 0; path = ImageGotcha.app; sourceTree = BUILT_PRODUCTS_DIR; };
		C09D7C59233E6D84002219B2 /* String+MD5.swift */ = {isa = PBXFileReference; fileEncoding = 4; lastKnownFileType = sourcecode.swift; path = "String+MD5.swift"; sourceTree = "<group>"; };
		C09D7C5B233E710C002219B2 /* Color.xcassets */ = {isa = PBXFileReference; lastKnownFileType = folder.assetcatalog; path = Color.xcassets; sourceTree = "<group>"; };
		C0B0DFF520A2D5EB000705E9 /* AlbumViewBottomToolBar.swift */ = {isa = PBXFileReference; lastKnownFileType = sourcecode.swift; path = AlbumViewBottomToolBar.swift; sourceTree = "<group>"; };
		C0BC75122068A2F7000522DF /* Media.xcassets */ = {isa = PBXFileReference; lastKnownFileType = folder.assetcatalog; path = Media.xcassets; sourceTree = "<group>"; };
		C0D8283C2060ED7300009F62 /* ImageGotchaAction.appex */ = {isa = PBXFileReference; explicitFileType = "wrapper.app-extension"; includeInIndex = 0; path = ImageGotchaAction.appex; sourceTree = BUILT_PRODUCTS_DIR; };
		C0D828412060ED7300009F62 /* Base */ = {isa = PBXFileReference; lastKnownFileType = file.storyboard; name = Base; path = Base.lproj/MainInterface.storyboard; sourceTree = "<group>"; };
		C0D828432060ED7300009F62 /* Info.plist */ = {isa = PBXFileReference; lastKnownFileType = text.plist.xml; path = Info.plist; sourceTree = "<group>"; };
		C0D8284B2060EDCE00009F62 /* ActionViewController.swift */ = {isa = PBXFileReference; fileEncoding = 4; lastKnownFileType = sourcecode.swift; path = ActionViewController.swift; sourceTree = "<group>"; };
		C0D8287F2060EE5100009F62 /* ImageCollectionViewCell.swift */ = {isa = PBXFileReference; fileEncoding = 4; lastKnownFileType = sourcecode.swift; path = ImageCollectionViewCell.swift; sourceTree = "<group>"; };
		C0E40E0E208C8F020077F3AA /* AppDelegate.swift */ = {isa = PBXFileReference; fileEncoding = 4; lastKnownFileType = sourcecode.swift; path = AppDelegate.swift; sourceTree = "<group>"; };
		C0E40E10208C8F020077F3AA /* Assets.xcassets */ = {isa = PBXFileReference; lastKnownFileType = folder.assetcatalog; path = Assets.xcassets; sourceTree = "<group>"; };
		C0E40E19208C8F020077F3AA /* Base */ = {isa = PBXFileReference; lastKnownFileType = file.storyboard; name = Base; path = Base.lproj/LaunchScreen.storyboard; sourceTree = "<group>"; };
		C0E40E1A208C8F020077F3AA /* Info.plist */ = {isa = PBXFileReference; fileEncoding = 4; lastKnownFileType = text.plist.xml; path = Info.plist; sourceTree = "<group>"; };
		C0E40E25208C8F700077F3AA /* UIColor+Extension.swift */ = {isa = PBXFileReference; fileEncoding = 4; lastKnownFileType = sourcecode.swift; path = "UIColor+Extension.swift"; sourceTree = "<group>"; };
		C0E40E29208C8F700077F3AA /* HomeViewController.swift */ = {isa = PBXFileReference; fileEncoding = 4; lastKnownFileType = sourcecode.swift; path = HomeViewController.swift; sourceTree = "<group>"; };
		C0E40E2A208C8F700077F3AA /* BaseNavigationViewController.swift */ = {isa = PBXFileReference; fileEncoding = 4; lastKnownFileType = sourcecode.swift; path = BaseNavigationViewController.swift; sourceTree = "<group>"; };
		C0E40E2B208C8F700077F3AA /* TableViewCell.swift */ = {isa = PBXFileReference; fileEncoding = 4; lastKnownFileType = sourcecode.swift; path = TableViewCell.swift; sourceTree = "<group>"; };
		C0E40E35208C94840077F3AA /* AlbumViewController.swift */ = {isa = PBXFileReference; lastKnownFileType = sourcecode.swift; path = AlbumViewController.swift; sourceTree = "<group>"; };
		C0E40E37208C9D3B0077F3AA /* ImageGotchaAction.entitlements */ = {isa = PBXFileReference; lastKnownFileType = text.plist.entitlements; path = ImageGotchaAction.entitlements; sourceTree = "<group>"; };
		C0F3948E23E291B200CE6DD2 /* AppState.swift */ = {isa = PBXFileReference; fileEncoding = 4; lastKnownFileType = sourcecode.swift; path = AppState.swift; sourceTree = "<group>"; };
		C0F8F17120808B23002920AC /* BasicCollectionViewFlowLayout.swift */ = {isa = PBXFileReference; lastKnownFileType = sourcecode.swift; path = BasicCollectionViewFlowLayout.swift; sourceTree = "<group>"; };
		C138288A9EB64AB75C3FE3A2 /* Pods_ImageGotcha.framework */ = {isa = PBXFileReference; explicitFileType = wrapper.framework; includeInIndex = 0; path = Pods_ImageGotcha.framework; sourceTree = BUILT_PRODUCTS_DIR; };
		C36D4BD333C0E6BD6FFF565B /* Pods-ImageGotchaAction.release.xcconfig */ = {isa = PBXFileReference; includeInIndex = 1; lastKnownFileType = text.xcconfig; name = "Pods-ImageGotchaAction.release.xcconfig"; path = "Pods/Target Support Files/Pods-ImageGotchaAction/Pods-ImageGotchaAction.release.xcconfig"; sourceTree = "<group>"; };
		C6DC65716FD91A0E394B0B49 /* Pods-ImageGotcha.debug.xcconfig */ = {isa = PBXFileReference; includeInIndex = 1; lastKnownFileType = text.xcconfig; name = "Pods-ImageGotcha.debug.xcconfig"; path = "Pods/Target Support Files/Pods-ImageGotcha/Pods-ImageGotcha.debug.xcconfig"; sourceTree = "<group>"; };
		DE765A5C793FA8F848333D53 /* Pods-ImageGotchaAction.debug.xcconfig */ = {isa = PBXFileReference; includeInIndex = 1; lastKnownFileType = text.xcconfig; name = "Pods-ImageGotchaAction.debug.xcconfig"; path = "Pods/Target Support Files/Pods-ImageGotchaAction/Pods-ImageGotchaAction.debug.xcconfig"; sourceTree = "<group>"; };
		F183BCA8DA86D0D9D931AC38 /* Pods_ImageGotchaAction.framework */ = {isa = PBXFileReference; explicitFileType = wrapper.framework; includeInIndex = 0; path = Pods_ImageGotchaAction.framework; sourceTree = BUILT_PRODUCTS_DIR; };
/* End PBXFileReference section */

/* Begin PBXFrameworksBuildPhase section */
		C08D8C06204F92CE009A1F0D /* Frameworks */ = {
			isa = PBXFrameworksBuildPhase;
			buildActionMask = 2147483647;
			files = (
				0A5A3F4F76B7D26369ADAAAB /* Pods_ImageGotcha.framework in Frameworks */,
			);
			runOnlyForDeploymentPostprocessing = 0;
		};
		C0D828392060ED7300009F62 /* Frameworks */ = {
			isa = PBXFrameworksBuildPhase;
			buildActionMask = 2147483647;
			files = (
				472EC899C94574A12AE44836 /* Pods_ImageGotchaAction.framework in Frameworks */,
			);
			runOnlyForDeploymentPostprocessing = 0;
		};
/* End PBXFrameworksBuildPhase section */

/* Begin PBXGroup section */
		4B606B6BE952E6E7E85A202D /* Frameworks */ = {
			isa = PBXGroup;
			children = (
				C07925D420FE517800AD8B31 /* AVKit.framework */,
				C138288A9EB64AB75C3FE3A2 /* Pods_ImageGotcha.framework */,
				F183BCA8DA86D0D9D931AC38 /* Pods_ImageGotchaAction.framework */,
			);
			name = Frameworks;
			sourceTree = "<group>";
		};
		B2BC2FD90D6F6C8F58A2F05D /* Pods */ = {
			isa = PBXGroup;
			children = (
				C6DC65716FD91A0E394B0B49 /* Pods-ImageGotcha.debug.xcconfig */,
				6EEC2EEE6FD3E0B6B752DC74 /* Pods-ImageGotcha.release.xcconfig */,
				DE765A5C793FA8F848333D53 /* Pods-ImageGotchaAction.debug.xcconfig */,
				C36D4BD333C0E6BD6FFF565B /* Pods-ImageGotchaAction.release.xcconfig */,
			);
			name = Pods;
			sourceTree = "<group>";
		};
		C0082169209DB1D800797058 /* Vendor */ = {
			isa = PBXGroup;
			children = (
				C0711484236EDE5E00ED54BC /* SwipeSelectingCollectionView */,
			);
			path = Vendor;
			sourceTree = "<group>";
		};
		C06D90732098767700F9F9C6 /* Common */ = {
			isa = PBXGroup;
			children = (
				C0F3948E23E291B200CE6DD2 /* AppState.swift */,
				C06D90742098768C00F9F9C6 /* Constant.swift */,
				C021B01D20A69C6F00A1F7CA /* ImageAsset.swift */,
				C021B01C20A69C6F00A1F7CA /* StringAsset.swift */,
			);
			path = Common;
			sourceTree = "<group>";
		};
		C0711484236EDE5E00ED54BC /* SwipeSelectingCollectionView */ = {
			isa = PBXGroup;
			children = (
				C0711485236EDE8800ED54BC /* SwipeSelectingCollectionView.swift */,
				C0711486236EDE8800ED54BC /* SwipeSelectingGestureRecognizer.swift */,
			);
			path = SwipeSelectingCollectionView;
			sourceTree = "<group>";
		};
		C08D8C00204F92CE009A1F0D = {
			isa = PBXGroup;
			children = (
				C08D8C0B204F92CE009A1F0D /* ImageGotcha */,
				C0D8283D2060ED7300009F62 /* ImageGotchaAction */,
				C08D8C0A204F92CE009A1F0D /* Products */,
				B2BC2FD90D6F6C8F58A2F05D /* Pods */,
				4B606B6BE952E6E7E85A202D /* Frameworks */,
			);
			sourceTree = "<group>";
		};
		C08D8C0A204F92CE009A1F0D /* Products */ = {
			isa = PBXGroup;
			children = (
				C08D8C09204F92CE009A1F0D /* ImageGotcha.app */,
				C0D8283C2060ED7300009F62 /* ImageGotchaAction.appex */,
			);
			name = Products;
			sourceTree = "<group>";
		};
		C08D8C0B204F92CE009A1F0D /* ImageGotcha */ = {
			isa = PBXGroup;
			children = (
				C0E40E0E208C8F020077F3AA /* AppDelegate.swift */,
				C0E40E11208C8F020077F3AA /* Modules */,
				C0E40E24208C8F700077F3AA /* Extension */,
				C06D90732098767700F9F9C6 /* Common */,
				C0E40E0F208C8F020077F3AA /* Resources */,
				C0082169209DB1D800797058 /* Vendor */,
				C0E40E17208C8F020077F3AA /* SupportFiles */,
			);
			path = ImageGotcha;
			sourceTree = "<group>";
		};
		C0D7F5872085ABEF00EFB208 /* Common */ = {
			isa = PBXGroup;
			children = (
				C09D7C59233E6D84002219B2 /* String+MD5.swift */,
			);
			path = Common;
			sourceTree = "<group>";
		};
		C0D8283D2060ED7300009F62 /* ImageGotchaAction */ = {
			isa = PBXGroup;
			children = (
				079DD05624C0054400AEDF47 /* getImage.js */,
				C0E40E37208C9D3B0077F3AA /* ImageGotchaAction.entitlements */,
				C0D8284A2060EDCE00009F62 /* Classes */,
				C0D7F5872085ABEF00EFB208 /* Common */,
				C0D828402060ED7300009F62 /* MainInterface.storyboard */,
				C0D828432060ED7300009F62 /* Info.plist */,
				C0BC75122068A2F7000522DF /* Media.xcassets */,
			);
			path = ImageGotchaAction;
			sourceTree = "<group>";
		};
		C0D8284A2060EDCE00009F62 /* Classes */ = {
			isa = PBXGroup;
			children = (
				C0D8284B2060EDCE00009F62 /* ActionViewController.swift */,
				C0D8287F2060EE5100009F62 /* ImageCollectionViewCell.swift */,
				C03A6AF5210F0930000132F5 /* VideoCollectionViewCell.swift */,
				C0F8F17120808B23002920AC /* BasicCollectionViewFlowLayout.swift */,
				C0014E5C20A02CB900D68445 /* SavePhotoToDirectoryManager.swift */,
				C03A6AF3210F08D4000132F5 /* CellModel.swift */,
			);
			path = Classes;
			sourceTree = "<group>";
		};
		C0E40E0F208C8F020077F3AA /* Resources */ = {
			isa = PBXGroup;
			children = (
				C0E40E10208C8F020077F3AA /* Assets.xcassets */,
				C09D7C5B233E710C002219B2 /* Color.xcassets */,
			);
			path = Resources;
			sourceTree = "<group>";
		};
		C0E40E11208C8F020077F3AA /* Modules */ = {
			isa = PBXGroup;
			children = (
				C0E40E28208C8F700077F3AA /* Home */,
				C0E40E27208C8F700077F3AA /* Tutorial */,
				C0E40E26208C8F700077F3AA /* Album */,
				C0E40E2C208C8F700077F3AA /* About */,
			);
			path = Modules;
			sourceTree = "<group>";
		};
		C0E40E17208C8F020077F3AA /* SupportFiles */ = {
			isa = PBXGroup;
			children = (
				C03F4329204FD71E0050C643 /* ImageGotcha.entitlements */,
				C0E40E18208C8F020077F3AA /* LaunchScreen.storyboard */,
				C0E40E1A208C8F020077F3AA /* Info.plist */,
				C021B01720A5969700A1F7CA /* Localizable.strings */,
			);
			path = SupportFiles;
			sourceTree = "<group>";
		};
		C0E40E24208C8F700077F3AA /* Extension */ = {
			isa = PBXGroup;
			children = (
				C0E40E25208C8F700077F3AA /* UIColor+Extension.swift */,
			);
			path = Extension;
			sourceTree = "<group>";
		};
		C0E40E26208C8F700077F3AA /* Album */ = {
			isa = PBXGroup;
			children = (
				C0E40E35208C94840077F3AA /* AlbumViewController.swift */,
				C0014E5E20A1A86B00D68445 /* AlbumCollectionViewCell.swift */,
				C0014E5F20A1A86B00D68445 /* AlbumCollectionViewCell.xib */,
				C0082167209D4E8400797058 /* AlbumCollectionViewLayout.swift */,
				C0B0DFF520A2D5EB000705E9 /* AlbumViewBottomToolBar.swift */,
			);
			path = Album;
			sourceTree = "<group>";
		};
		C0E40E27208C8F700077F3AA /* Tutorial */ = {
			isa = PBXGroup;
			children = (
				C021B02420A6D1D400A1F7CA /* TutorialViewController.swift */,
				C021B02520A6D1D400A1F7CA /* TutorialViewController.xib */,
			);
			path = Tutorial;
			sourceTree = "<group>";
		};
		C0E40E28208C8F700077F3AA /* Home */ = {
			isa = PBXGroup;
			children = (
				C0E40E29208C8F700077F3AA /* HomeViewController.swift */,
				C0E40E2A208C8F700077F3AA /* BaseNavigationViewController.swift */,
				C0E40E2B208C8F700077F3AA /* TableViewCell.swift */,
			);
			path = Home;
			sourceTree = "<group>";
		};
		C0E40E2C208C8F700077F3AA /* About */ = {
			isa = PBXGroup;
			children = (
				C06D908020987B5000F9F9C6 /* AboutViewController.swift */,
				C06D908120987B5000F9F9C6 /* AboutViewController.xib */,
				C021B00D20A5896600A1F7CA /* OpenSourceViewController.swift */,
			);
			path = About;
			sourceTree = "<group>";
		};
/* End PBXGroup section */

/* Begin PBXNativeTarget section */
		C08D8C08204F92CE009A1F0D /* ImageGotcha */ = {
			isa = PBXNativeTarget;
			buildConfigurationList = C08D8C1B204F92CE009A1F0D /* Build configuration list for PBXNativeTarget "ImageGotcha" */;
			buildPhases = (
				48A396E2EB9D2EDBDA095E5E /* [CP] Check Pods Manifest.lock */,
				C08D8C05204F92CE009A1F0D /* Sources */,
				C08D8C06204F92CE009A1F0D /* Frameworks */,
				C08D8C07204F92CE009A1F0D /* Resources */,
				1AC292EF4595D3FF03D8CBC3 /* [CP] Embed Pods Frameworks */,
				C0F6D07A2060D7DC005F2413 /* Embed App Extensions */,
				C021B01B20A596D100A1F7CA /* SwiftGen Run Script */,
				C0C585D020C13D510096614C /* Embed Frameworks */,
			);
			buildRules = (
			);
			dependencies = (
				C0D828452060ED7300009F62 /* PBXTargetDependency */,
			);
			name = ImageGotcha;
			productName = ImageGotcha;
			productReference = C08D8C09204F92CE009A1F0D /* ImageGotcha.app */;
			productType = "com.apple.product-type.application";
		};
		C0D8283B2060ED7300009F62 /* ImageGotchaAction */ = {
			isa = PBXNativeTarget;
			buildConfigurationList = C0D828472060ED7300009F62 /* Build configuration list for PBXNativeTarget "ImageGotchaAction" */;
			buildPhases = (
				C0FADA7509B9269917EE366C /* [CP] Check Pods Manifest.lock */,
				C0D828382060ED7300009F62 /* Sources */,
				C0D828392060ED7300009F62 /* Frameworks */,
				C0D8283A2060ED7300009F62 /* Resources */,
			);
			buildRules = (
			);
			dependencies = (
			);
			name = ImageGotchaAction;
			productName = ImageGotchaAction;
			productReference = C0D8283C2060ED7300009F62 /* ImageGotchaAction.appex */;
			productType = "com.apple.product-type.app-extension";
		};
/* End PBXNativeTarget section */

/* Begin PBXProject section */
		C08D8C01204F92CE009A1F0D /* Project object */ = {
			isa = PBXProject;
			attributes = {
				LastSwiftUpdateCheck = 0920;
				LastUpgradeCheck = 1200;
				ORGANIZATIONNAME = HansonStudio;
				TargetAttributes = {
					C08D8C08204F92CE009A1F0D = {
						CreatedOnToolsVersion = 9.2;
						LastSwiftMigration = 1130;
						ProvisioningStyle = Automatic;
						SystemCapabilities = {
							com.apple.ApplicationGroups.iOS = {
								enabled = 1;
							};
						};
					};
					C0D8283B2060ED7300009F62 = {
						CreatedOnToolsVersion = 9.2;
						LastSwiftMigration = 1130;
						ProvisioningStyle = Automatic;
						SystemCapabilities = {
							com.apple.ApplicationGroups.iOS = {
								enabled = 1;
							};
						};
					};
				};
			};
			buildConfigurationList = C08D8C04204F92CE009A1F0D /* Build configuration list for PBXProject "ImageGotcha" */;
			compatibilityVersion = "Xcode 8.0";
			developmentRegion = en;
			hasScannedForEncodings = 0;
			knownRegions = (
				en,
				Base,
				"zh-Hant",
				ja,
				ko,
				"zh-Hans",
			);
			mainGroup = C08D8C00204F92CE009A1F0D;
			productRefGroup = C08D8C0A204F92CE009A1F0D /* Products */;
			projectDirPath = "";
			projectRoot = "";
			targets = (
				C08D8C08204F92CE009A1F0D /* ImageGotcha */,
				C0D8283B2060ED7300009F62 /* ImageGotchaAction */,
			);
		};
/* End PBXProject section */

/* Begin PBXResourcesBuildPhase section */
		C08D8C07204F92CE009A1F0D /* Resources */ = {
			isa = PBXResourcesBuildPhase;
			buildActionMask = 2147483647;
			files = (
				C021B02720A6D1D400A1F7CA /* TutorialViewController.xib in Resources */,
				C021B01520A5969700A1F7CA /* Localizable.strings in Resources */,
				C0014E6120A1A86B00D68445 /* AlbumCollectionViewCell.xib in Resources */,
				C0E40E1C208C8F020077F3AA /* Assets.xcassets in Resources */,
				C09D7C5C233E710C002219B2 /* Color.xcassets in Resources */,
				C06D908320987B5000F9F9C6 /* AboutViewController.xib in Resources */,
				C0E40E22208C8F020077F3AA /* LaunchScreen.storyboard in Resources */,
			);
			runOnlyForDeploymentPostprocessing = 0;
		};
		C0D8283A2060ED7300009F62 /* Resources */ = {
			isa = PBXResourcesBuildPhase;
			buildActionMask = 2147483647;
			files = (
				C0D828422060ED7300009F62 /* MainInterface.storyboard in Resources */,
				079DD05724C0054400AEDF47 /* getImage.js in Resources */,
				C021B02320A6A33700A1F7CA /* Localizable.strings in Resources */,
				C0BC75132068A2F7000522DF /* Media.xcassets in Resources */,
			);
			runOnlyForDeploymentPostprocessing = 0;
		};
/* End PBXResourcesBuildPhase section */

/* Begin PBXShellScriptBuildPhase section */
		1AC292EF4595D3FF03D8CBC3 /* [CP] Embed Pods Frameworks */ = {
			isa = PBXShellScriptBuildPhase;
			buildActionMask = 2147483647;
			files = (
			);
			inputPaths = (
				"${PODS_ROOT}/Target Support Files/Pods-ImageGotcha/Pods-ImageGotcha-frameworks.sh",
				"${BUILT_PRODUCTS_DIR}/HSPhotoKit/HSPhotoKit.framework",
				"${BUILT_PRODUCTS_DIR}/Kingfisher/Kingfisher.framework",
				"${BUILT_PRODUCTS_DIR}/Reusable/Reusable.framework",
				"${BUILT_PRODUCTS_DIR}/SnapKit/SnapKit.framework",
			);
			name = "[CP] Embed Pods Frameworks";
			outputPaths = (
				"${TARGET_BUILD_DIR}/${FRAMEWORKS_FOLDER_PATH}/HSPhotoKit.framework",
				"${TARGET_BUILD_DIR}/${FRAMEWORKS_FOLDER_PATH}/Kingfisher.framework",
				"${TARGET_BUILD_DIR}/${FRAMEWORKS_FOLDER_PATH}/Reusable.framework",
				"${TARGET_BUILD_DIR}/${FRAMEWORKS_FOLDER_PATH}/SnapKit.framework",
			);
			runOnlyForDeploymentPostprocessing = 0;
			shellPath = /bin/sh;
			shellScript = "\"${PODS_ROOT}/Target Support Files/Pods-ImageGotcha/Pods-ImageGotcha-frameworks.sh\"\n";
			showEnvVarsInLog = 0;
		};
		48A396E2EB9D2EDBDA095E5E /* [CP] Check Pods Manifest.lock */ = {
			isa = PBXShellScriptBuildPhase;
			buildActionMask = 2147483647;
			files = (
			);
			inputPaths = (
				"${PODS_PODFILE_DIR_PATH}/Podfile.lock",
				"${PODS_ROOT}/Manifest.lock",
			);
			name = "[CP] Check Pods Manifest.lock";
			outputPaths = (
				"$(DERIVED_FILE_DIR)/Pods-ImageGotcha-checkManifestLockResult.txt",
			);
			runOnlyForDeploymentPostprocessing = 0;
			shellPath = /bin/sh;
			shellScript = "diff \"${PODS_PODFILE_DIR_PATH}/Podfile.lock\" \"${PODS_ROOT}/Manifest.lock\" > /dev/null\nif [ $? != 0 ] ; then\n    # print error to STDERR\n    echo \"error: The sandbox is not in sync with the Podfile.lock. Run 'pod install' or update your CocoaPods installation.\" >&2\n    exit 1\nfi\n# This output is used by Xcode 'outputs' to avoid re-running this script phase.\necho \"SUCCESS\" > \"${SCRIPT_OUTPUT_FILE_0}\"\n";
			showEnvVarsInLog = 0;
		};
		C021B01B20A596D100A1F7CA /* SwiftGen Run Script */ = {
			isa = PBXShellScriptBuildPhase;
			buildActionMask = 2147483647;
			files = (
			);
			inputPaths = (
			);
			name = "SwiftGen Run Script";
			outputPaths = (
			);
			runOnlyForDeploymentPostprocessing = 0;
			shellPath = /bin/sh;
			shellScript = "echo \"##run echo:$PROJECT_DIR\";\nif which \"$PROJECT_DIR\"/SwiftGen5/bin/swiftgen >/dev/null; then\nset -e\n\"$PROJECT_DIR\"/SwiftGen5/bin/swiftgen xcassets -t vy-swift4 \"$PROJECT_DIR/ImageGotcha/Resources/Assets.xcassets\" --output \"$PROJECT_DIR/ImageGotcha/Common/ImageAsset.swift\"\n\"$PROJECT_DIR\"/SwiftGen5/bin/swiftgen strings -t vy-flat-swift4 \"$PROJECT_DIR/ImageGotcha/SupportFiles/zh-Hans.lproj/Localizable.strings\" --output \"$PROJECT_DIR/ImageGotcha/Common/StringAsset.swift\"\nelse\necho \"##run echo warning: SwiftGen not installed, download it from https://github.com/SwiftGen/SwiftGen\"\nfi\n";
		};
		C0FADA7509B9269917EE366C /* [CP] Check Pods Manifest.lock */ = {
			isa = PBXShellScriptBuildPhase;
			buildActionMask = 2147483647;
			files = (
			);
			inputFileListPaths = (
			);
			inputPaths = (
				"${PODS_PODFILE_DIR_PATH}/Podfile.lock",
				"${PODS_ROOT}/Manifest.lock",
			);
			name = "[CP] Check Pods Manifest.lock";
			outputFileListPaths = (
			);
			outputPaths = (
				"$(DERIVED_FILE_DIR)/Pods-ImageGotchaAction-checkManifestLockResult.txt",
			);
			runOnlyForDeploymentPostprocessing = 0;
			shellPath = /bin/sh;
			shellScript = "diff \"${PODS_PODFILE_DIR_PATH}/Podfile.lock\" \"${PODS_ROOT}/Manifest.lock\" > /dev/null\nif [ $? != 0 ] ; then\n    # print error to STDERR\n    echo \"error: The sandbox is not in sync with the Podfile.lock. Run 'pod install' or update your CocoaPods installation.\" >&2\n    exit 1\nfi\n# This output is used by Xcode 'outputs' to avoid re-running this script phase.\necho \"SUCCESS\" > \"${SCRIPT_OUTPUT_FILE_0}\"\n";
			showEnvVarsInLog = 0;
		};
/* End PBXShellScriptBuildPhase section */

/* Begin PBXSourcesBuildPhase section */
		C08D8C05204F92CE009A1F0D /* Sources */ = {
			isa = PBXSourcesBuildPhase;
			buildActionMask = 2147483647;
			files = (
				C021B01F20A69C6F00A1F7CA /* ImageAsset.swift in Sources */,
				C021B02620A6D1D400A1F7CA /* TutorialViewController.swift in Sources */,
				C0B0DFF620A2D5EB000705E9 /* AlbumViewBottomToolBar.swift in Sources */,
				C0F3948F23E291B200CE6DD2 /* AppState.swift in Sources */,
				C0E40E31208C8F700077F3AA /* TableViewCell.swift in Sources */,
				C021B00E20A5896600A1F7CA /* OpenSourceViewController.swift in Sources */,
				C06D90752098768C00F9F9C6 /* Constant.swift in Sources */,
				C0711487236EDE8800ED54BC /* SwipeSelectingCollectionView.swift in Sources */,
				C021B01E20A69C6F00A1F7CA /* StringAsset.swift in Sources */,
				C06D908220987B5000F9F9C6 /* AboutViewController.swift in Sources */,
				C0E40E2F208C8F700077F3AA /* HomeViewController.swift in Sources */,
				C0E40E36208C94840077F3AA /* AlbumViewController.swift in Sources */,
				C0E40E1B208C8F020077F3AA /* AppDelegate.swift in Sources */,
				C0082168209D4E8400797058 /* AlbumCollectionViewLayout.swift in Sources */,
				C0E40E2E208C8F700077F3AA /* UIColor+Extension.swift in Sources */,
				C0711488236EDE8800ED54BC /* SwipeSelectingGestureRecognizer.swift in Sources */,
				C0014E6020A1A86B00D68445 /* AlbumCollectionViewCell.swift in Sources */,
				C0E40E30208C8F700077F3AA /* BaseNavigationViewController.swift in Sources */,
			);
			runOnlyForDeploymentPostprocessing = 0;
		};
		C0D828382060ED7300009F62 /* Sources */ = {
			isa = PBXSourcesBuildPhase;
			buildActionMask = 2147483647;
			files = (
				C03A6AF6210F0930000132F5 /* VideoCollectionViewCell.swift in Sources */,
				C021B02220A6A33300A1F7CA /* StringAsset.swift in Sources */,
				C0D828802060EE5100009F62 /* ImageCollectionViewCell.swift in Sources */,
				C0711489236EE8D800ED54BC /* SwipeSelectingCollectionView.swift in Sources */,
				C09D7C5A233E6D84002219B2 /* String+MD5.swift in Sources */,
				C0014E5D20A02CB900D68445 /* SavePhotoToDirectoryManager.swift in Sources */,
				C0F8F17220808B23002920AC /* BasicCollectionViewFlowLayout.swift in Sources */,
				C071148A236EE8DA00ED54BC /* SwipeSelectingGestureRecognizer.swift in Sources */,
				C0D8284C2060EDCE00009F62 /* ActionViewController.swift in Sources */,
				C03A6AF4210F08D4000132F5 /* CellModel.swift in Sources */,
			);
			runOnlyForDeploymentPostprocessing = 0;
		};
/* End PBXSourcesBuildPhase section */

/* Begin PBXTargetDependency section */
		C0D828452060ED7300009F62 /* PBXTargetDependency */ = {
			isa = PBXTargetDependency;
			target = C0D8283B2060ED7300009F62 /* ImageGotchaAction */;
			targetProxy = C0D828442060ED7300009F62 /* PBXContainerItemProxy */;
		};
/* End PBXTargetDependency section */

/* Begin PBXVariantGroup section */
		C021B01720A5969700A1F7CA /* Localizable.strings */ = {
			isa = PBXVariantGroup;
			children = (
				C021B01620A5969700A1F7CA /* zh-Hans */,
				C021B01820A596A300A1F7CA /* zh-Hant */,
				C021B01920A596A500A1F7CA /* en */,
				C021B02A20A6FF7A00A1F7CA /* ja */,
				C021B02C20A7049B00A1F7CA /* ko */,
			);
			name = Localizable.strings;
			sourceTree = "<group>";
		};
		C0D828402060ED7300009F62 /* MainInterface.storyboard */ = {
			isa = PBXVariantGroup;
			children = (
				C0D828412060ED7300009F62 /* Base */,
				C021B01020A595FD00A1F7CA /* zh-Hans */,
				C021B01220A5961200A1F7CA /* zh-Hant */,
				C021B02120A6A1E400A1F7CA /* en */,
				C021B02920A6FF7A00A1F7CA /* ja */,
				C021B02B20A7049B00A1F7CA /* ko */,
			);
			name = MainInterface.storyboard;
			sourceTree = "<group>";
		};
		C0E40E18208C8F020077F3AA /* LaunchScreen.storyboard */ = {
			isa = PBXVariantGroup;
			children = (
				C0E40E19208C8F020077F3AA /* Base */,
			);
			name = LaunchScreen.storyboard;
			sourceTree = "<group>";
		};
/* End PBXVariantGroup section */

/* Begin XCBuildConfiguration section */
		C08D8C19204F92CE009A1F0D /* Debug */ = {
			isa = XCBuildConfiguration;
			buildSettings = {
				ALWAYS_SEARCH_USER_PATHS = NO;
				CLANG_ANALYZER_LOCALIZABILITY_NONLOCALIZED = YES;
				CLANG_ANALYZER_NONNULL = YES;
				CLANG_ANALYZER_NUMBER_OBJECT_CONVERSION = YES_AGGRESSIVE;
				CLANG_CXX_LANGUAGE_STANDARD = "gnu++14";
				CLANG_CXX_LIBRARY = "libc++";
				CLANG_ENABLE_MODULES = YES;
				CLANG_ENABLE_OBJC_ARC = YES;
				CLANG_WARN_BLOCK_CAPTURE_AUTORELEASING = YES;
				CLANG_WARN_BOOL_CONVERSION = YES;
				CLANG_WARN_COMMA = YES;
				CLANG_WARN_CONSTANT_CONVERSION = YES;
				CLANG_WARN_DEPRECATED_OBJC_IMPLEMENTATIONS = YES;
				CLANG_WARN_DIRECT_OBJC_ISA_USAGE = YES_ERROR;
				CLANG_WARN_DOCUMENTATION_COMMENTS = YES;
				CLANG_WARN_EMPTY_BODY = YES;
				CLANG_WARN_ENUM_CONVERSION = YES;
				CLANG_WARN_INFINITE_RECURSION = YES;
				CLANG_WARN_INT_CONVERSION = YES;
				CLANG_WARN_NON_LITERAL_NULL_CONVERSION = YES;
				CLANG_WARN_OBJC_IMPLICIT_RETAIN_SELF = YES;
				CLANG_WARN_OBJC_LITERAL_CONVERSION = YES;
				CLANG_WARN_OBJC_ROOT_CLASS = YES_ERROR;
				CLANG_WARN_QUOTED_INCLUDE_IN_FRAMEWORK_HEADER = YES;
				CLANG_WARN_RANGE_LOOP_ANALYSIS = YES;
				CLANG_WARN_STRICT_PROTOTYPES = YES;
				CLANG_WARN_SUSPICIOUS_MOVE = YES;
				CLANG_WARN_UNGUARDED_AVAILABILITY = YES_AGGRESSIVE;
				CLANG_WARN_UNREACHABLE_CODE = YES;
				CLANG_WARN__DUPLICATE_METHOD_MATCH = YES;
				CODE_SIGN_IDENTITY = "iPhone Developer";
				COPY_PHASE_STRIP = NO;
				DEBUG_INFORMATION_FORMAT = dwarf;
				ENABLE_STRICT_OBJC_MSGSEND = YES;
				ENABLE_TESTABILITY = YES;
				GCC_C_LANGUAGE_STANDARD = gnu11;
				GCC_DYNAMIC_NO_PIC = NO;
				GCC_NO_COMMON_BLOCKS = YES;
				GCC_OPTIMIZATION_LEVEL = 0;
				GCC_PREPROCESSOR_DEFINITIONS = (
					"DEBUG=1",
					"$(inherited)",
				);
				GCC_WARN_64_TO_32_BIT_CONVERSION = YES;
				GCC_WARN_ABOUT_RETURN_TYPE = YES_ERROR;
				GCC_WARN_UNDECLARED_SELECTOR = YES;
				GCC_WARN_UNINITIALIZED_AUTOS = YES_AGGRESSIVE;
				GCC_WARN_UNUSED_FUNCTION = YES;
				GCC_WARN_UNUSED_VARIABLE = YES;
				IPHONEOS_DEPLOYMENT_TARGET = 13.0;
				MTL_ENABLE_DEBUG_INFO = YES;
				ONLY_ACTIVE_ARCH = YES;
				SDKROOT = iphoneos;
				SWIFT_ACTIVE_COMPILATION_CONDITIONS = DEBUG;
				SWIFT_OPTIMIZATION_LEVEL = "-Onone";
			};
			name = Debug;
		};
		C08D8C1A204F92CE009A1F0D /* Release */ = {
			isa = XCBuildConfiguration;
			buildSettings = {
				ALWAYS_SEARCH_USER_PATHS = NO;
				CLANG_ANALYZER_LOCALIZABILITY_NONLOCALIZED = YES;
				CLANG_ANALYZER_NONNULL = YES;
				CLANG_ANALYZER_NUMBER_OBJECT_CONVERSION = YES_AGGRESSIVE;
				CLANG_CXX_LANGUAGE_STANDARD = "gnu++14";
				CLANG_CXX_LIBRARY = "libc++";
				CLANG_ENABLE_MODULES = YES;
				CLANG_ENABLE_OBJC_ARC = YES;
				CLANG_WARN_BLOCK_CAPTURE_AUTORELEASING = YES;
				CLANG_WARN_BOOL_CONVERSION = YES;
				CLANG_WARN_COMMA = YES;
				CLANG_WARN_CONSTANT_CONVERSION = YES;
				CLANG_WARN_DEPRECATED_OBJC_IMPLEMENTATIONS = YES;
				CLANG_WARN_DIRECT_OBJC_ISA_USAGE = YES_ERROR;
				CLANG_WARN_DOCUMENTATION_COMMENTS = YES;
				CLANG_WARN_EMPTY_BODY = YES;
				CLANG_WARN_ENUM_CONVERSION = YES;
				CLANG_WARN_INFINITE_RECURSION = YES;
				CLANG_WARN_INT_CONVERSION = YES;
				CLANG_WARN_NON_LITERAL_NULL_CONVERSION = YES;
				CLANG_WARN_OBJC_IMPLICIT_RETAIN_SELF = YES;
				CLANG_WARN_OBJC_LITERAL_CONVERSION = YES;
				CLANG_WARN_OBJC_ROOT_CLASS = YES_ERROR;
				CLANG_WARN_QUOTED_INCLUDE_IN_FRAMEWORK_HEADER = YES;
				CLANG_WARN_RANGE_LOOP_ANALYSIS = YES;
				CLANG_WARN_STRICT_PROTOTYPES = YES;
				CLANG_WARN_SUSPICIOUS_MOVE = YES;
				CLANG_WARN_UNGUARDED_AVAILABILITY = YES_AGGRESSIVE;
				CLANG_WARN_UNREACHABLE_CODE = YES;
				CLANG_WARN__DUPLICATE_METHOD_MATCH = YES;
				CODE_SIGN_IDENTITY = "iPhone Developer";
				COPY_PHASE_STRIP = NO;
				DEBUG_INFORMATION_FORMAT = "dwarf-with-dsym";
				ENABLE_NS_ASSERTIONS = NO;
				ENABLE_STRICT_OBJC_MSGSEND = YES;
				GCC_C_LANGUAGE_STANDARD = gnu11;
				GCC_NO_COMMON_BLOCKS = YES;
				GCC_WARN_64_TO_32_BIT_CONVERSION = YES;
				GCC_WARN_ABOUT_RETURN_TYPE = YES_ERROR;
				GCC_WARN_UNDECLARED_SELECTOR = YES;
				GCC_WARN_UNINITIALIZED_AUTOS = YES_AGGRESSIVE;
				GCC_WARN_UNUSED_FUNCTION = YES;
				GCC_WARN_UNUSED_VARIABLE = YES;
				IPHONEOS_DEPLOYMENT_TARGET = 13.0;
				MTL_ENABLE_DEBUG_INFO = NO;
				SDKROOT = iphoneos;
				SWIFT_OPTIMIZATION_LEVEL = "-Owholemodule";
				VALIDATE_PRODUCT = YES;
			};
			name = Release;
		};
		C08D8C1C204F92CE009A1F0D /* Debug */ = {
			isa = XCBuildConfiguration;
			baseConfigurationReference = C6DC65716FD91A0E394B0B49 /* Pods-ImageGotcha.debug.xcconfig */;
			buildSettings = {
				ALWAYS_EMBED_SWIFT_STANDARD_LIBRARIES = NO;
				ASSETCATALOG_COMPILER_APPICON_NAME = AppIcon;
				CODE_SIGN_ENTITLEMENTS = ImageGotcha/SupportFiles/ImageGotcha.entitlements;
				CODE_SIGN_IDENTITY = "Apple Development";
				CODE_SIGN_STYLE = Automatic;
				CURRENT_PROJECT_VERSION = 1;
				DEBUG_INFORMATION_FORMAT = "dwarf-with-dsym";
				DEVELOPMENT_TEAM = XC238MH24L;
				INFOPLIST_FILE = "$(SRCROOT)/ImageGotcha/SupportFiles/Info.plist";
				IPHONEOS_DEPLOYMENT_TARGET = 13.0;
				LD_RUNPATH_SEARCH_PATHS = "$(inherited) @executable_path/Frameworks";
				MARKETING_VERSION = 1.6.3;
				OTHER_SWIFT_FLAGS = "$(inherited) \"-D\" \"COCOAPODS\"";
				PRODUCT_BUNDLE_IDENTIFIER = com.HansonStudio.ImageGotcha;
				PRODUCT_NAME = "$(TARGET_NAME)";
				PROVISIONING_PROFILE_SPECIFIER = "";
				SUPPORTS_MACCATALYST = YES;
				SWIFT_VERSION = 5.0;
				TARGETED_DEVICE_FAMILY = "1,2";
				VALID_ARCHS = "arm64 arm64e";
			};
			name = Debug;
		};
		C08D8C1D204F92CE009A1F0D /* Release */ = {
			isa = XCBuildConfiguration;
			baseConfigurationReference = 6EEC2EEE6FD3E0B6B752DC74 /* Pods-ImageGotcha.release.xcconfig */;
			buildSettings = {
				ALWAYS_EMBED_SWIFT_STANDARD_LIBRARIES = NO;
				ASSETCATALOG_COMPILER_APPICON_NAME = AppIcon;
				CODE_SIGN_ENTITLEMENTS = ImageGotcha/SupportFiles/ImageGotcha.entitlements;
				CODE_SIGN_IDENTITY = "Apple Development";
				CODE_SIGN_STYLE = Automatic;
				CURRENT_PROJECT_VERSION = 1;
				DEVELOPMENT_TEAM = XC238MH24L;
				INFOPLIST_FILE = "$(SRCROOT)/ImageGotcha/SupportFiles/Info.plist";
				IPHONEOS_DEPLOYMENT_TARGET = 13.0;
				LD_RUNPATH_SEARCH_PATHS = "$(inherited) @executable_path/Frameworks";
				MARKETING_VERSION = 1.6.3;
				PRODUCT_BUNDLE_IDENTIFIER = com.HansonStudio.ImageGotcha;
				PRODUCT_NAME = "$(TARGET_NAME)";
				PROVISIONING_PROFILE_SPECIFIER = "";
				SUPPORTS_MACCATALYST = YES;
				SWIFT_VERSION = 5.0;
				TARGETED_DEVICE_FAMILY = "1,2";
				VALID_ARCHS = "arm64 arm64e";
			};
			name = Release;
		};
		C0D828482060ED7300009F62 /* Debug */ = {
			isa = XCBuildConfiguration;
			baseConfigurationReference = DE765A5C793FA8F848333D53 /* Pods-ImageGotchaAction.debug.xcconfig */;
			buildSettings = {
				APPLICATION_EXTENSION_API_ONLY = YES;
				ASSETCATALOG_COMPILER_APPICON_NAME = AppIcon;
				CODE_SIGN_ENTITLEMENTS = ImageGotchaAction/ImageGotchaAction.entitlements;
				CODE_SIGN_STYLE = Automatic;
				CURRENT_PROJECT_VERSION = 1;
				DEBUG_INFORMATION_FORMAT = "dwarf-with-dsym";
				DEVELOPMENT_TEAM = XC238MH24L;
				INFOPLIST_FILE = ImageGotchaAction/Info.plist;
				IPHONEOS_DEPLOYMENT_TARGET = 13.2;
				LD_RUNPATH_SEARCH_PATHS = "$(inherited) @executable_path/Frameworks @executable_path/../../Frameworks";
				MARKETING_VERSION = 1.6.3;
				OTHER_SWIFT_FLAGS = "$(inherited) \"-D\" \"COCOAPODS\"";
				PRODUCT_BUNDLE_IDENTIFIER = com.HansonStudio.ImageGotcha.ImageGotchaAction;
				PRODUCT_NAME = "$(TARGET_NAME)";
				SKIP_INSTALL = YES;
				SUPPORTS_MACCATALYST = YES;
				SWIFT_VERSION = 5.0;
				TARGETED_DEVICE_FAMILY = "1,2";
			};
			name = Debug;
		};
		C0D828492060ED7300009F62 /* Release */ = {
			isa = XCBuildConfiguration;
			baseConfigurationReference = C36D4BD333C0E6BD6FFF565B /* Pods-ImageGotchaAction.release.xcconfig */;
			buildSettings = {
				APPLICATION_EXTENSION_API_ONLY = YES;
				ASSETCATALOG_COMPILER_APPICON_NAME = AppIcon;
				CODE_SIGN_ENTITLEMENTS = ImageGotchaAction/ImageGotchaAction.entitlements;
				CODE_SIGN_STYLE = Automatic;
				CURRENT_PROJECT_VERSION = 1;
				DEVELOPMENT_TEAM = XC238MH24L;
				INFOPLIST_FILE = ImageGotchaAction/Info.plist;
				IPHONEOS_DEPLOYMENT_TARGET = 13.2;
				LD_RUNPATH_SEARCH_PATHS = "$(inherited) @executable_path/Frameworks @executable_path/../../Frameworks";
				MARKETING_VERSION = 1.6.3;
				PRODUCT_BUNDLE_IDENTIFIER = com.HansonStudio.ImageGotcha.ImageGotchaAction;
				PRODUCT_NAME = "$(TARGET_NAME)";
				SKIP_INSTALL = YES;
				SUPPORTS_MACCATALYST = YES;
				SWIFT_VERSION = 5.0;
				TARGETED_DEVICE_FAMILY = "1,2";
			};
			name = Release;
		};
/* End XCBuildConfiguration section */

/* Begin XCConfigurationList section */
		C08D8C04204F92CE009A1F0D /* Build configuration list for PBXProject "ImageGotcha" */ = {
			isa = XCConfigurationList;
			buildConfigurations = (
				C08D8C19204F92CE009A1F0D /* Debug */,
				C08D8C1A204F92CE009A1F0D /* Release */,
			);
			defaultConfigurationIsVisible = 0;
			defaultConfigurationName = Release;
		};
		C08D8C1B204F92CE009A1F0D /* Build configuration list for PBXNativeTarget "ImageGotcha" */ = {
			isa = XCConfigurationList;
			buildConfigurations = (
				C08D8C1C204F92CE009A1F0D /* Debug */,
				C08D8C1D204F92CE009A1F0D /* Release */,
			);
			defaultConfigurationIsVisible = 0;
			defaultConfigurationName = Release;
		};
		C0D828472060ED7300009F62 /* Build configuration list for PBXNativeTarget "ImageGotchaAction" */ = {
			isa = XCConfigurationList;
			buildConfigurations = (
				C0D828482060ED7300009F62 /* Debug */,
				C0D828492060ED7300009F62 /* Release */,
			);
			defaultConfigurationIsVisible = 0;
			defaultConfigurationName = Release;
		};
/* End XCConfigurationList section */
	};
	rootObject = C08D8C01204F92CE009A1F0D /* Project object */;
}
